
Microsoft Visual Studio Solution File, Format Version 12.00
# Visual Studio Version 16
VisualStudioVersion = 16.0.28803.452
MinimumVisualStudioVersion = 10.0.40219.1
Project("{FAE04EC0-301F-11D3-BF4B-00C04F79EFBC}") = "GradeBook", "GradeBook\GradeBook.csproj", "{125FC028-CC37-4D03-9CCD-26DD83E1D13D}"
EndProject
Project("{FAE04EC0-301F-11D3-BF4B-00C04F79EFBC}") = "GradeBook.Test", "GradeBook.Test\GradeBook.Test.csproj", "{F2CFF1B6-8C96-420B-9575-6AFD03008F4E}"
EndProject
Global
	GlobalSection(SolutionConfigurationPlatforms) = preSolution
		Debug|Any CPU = Debug|Any CPU
		Release|Any CPU = Release|Any CPU
	EndGlobalSection
	GlobalSection(ProjectConfigurationPlatforms) = postSolution
		{125FC028-CC37-4D03-9CCD-26DD83E1D13D}.Debug|Any CPU.ActiveCfg = Debug|Any CPU
		{125FC028-CC37-4D03-9CCD-26DD83E1D13D}.Debug|Any CPU.Build.0 = Debug|Any CPU
		{125FC028-CC37-4D03-9CCD-26DD83E1D13D}.Release|Any CPU.ActiveCfg = Release|Any CPU
		{125FC028-CC37-4D03-9CCD-26DD83E1D13D}.Release|Any CPU.Build.0 = Release|Any CPU
		{F2CFF1B6-8C96-420B-9575-6AFD03008F4E}.Debug|Any CPU.ActiveCfg = Debug|Any CPU
		{F2CFF1B6-8C96-420B-9575-6AFD03008F4E}.Debug|Any CPU.Build.0 = Debug|Any CPU
		{F2CFF1B6-8C96-420B-9575-6AFD03008F4E}.Release|Any CPU.ActiveCfg = Release|Any CPU
		{F2CFF1B6-8C96-420B-9575-6AFD03008F4E}.Release|Any CPU.Build.0 = Release|Any CPU
	EndGlobalSection
	GlobalSection(SolutionProperties) = preSolution
		HideSolutionNode = FALSE
	EndGlobalSection
	GlobalSection(ExtensibilityGlobals) = postSolution
		SolutionGuid = {7BEE2022-81EB-48AF-9C16-97691F4ED4D7}
	EndGlobalSection
EndGlobal
